
Microsoft Visual Studio Solution File, Format Version 12.00
# Visual Studio Version 16
VisualStudioVersion = 16.0.32228.343
MinimumVisualStudioVersion = 10.0.40219.1
Project("{9A19103F-16F7-4668-BE54-9A1E7A4F7556}") = "Case_Study_WIthAngular", "Case_Study_WIthAngular\Case_Study_WIthAngular.csproj", "{E226FCB3-64CB-4A4C-A7AC-1F0DCE49D44C}"
EndProject
Project("{9A19103F-16F7-4668-BE54-9A1E7A4F7556}") = "PaymentAPI", "D:\OnDriveSamiksha\OneDrive\Desktop\Asp.Net-Core-5.0-Web-API-CRUD-with-Angular-11-main\PaymentAPI\PaymentAPI\PaymentAPI.csproj", "{396FECE9-5AB2-47C2-BA42-17AB9BC9FDF9}"
EndProject
Global
	GlobalSection(SolutionConfigurationPlatforms) = preSolution
		Debug|Any CPU = Debug|Any CPU
		Release|Any CPU = Release|Any CPU
	EndGlobalSection
	GlobalSection(ProjectConfigurationPlatforms) = postSolution
		{E226FCB3-64CB-4A4C-A7AC-1F0DCE49D44C}.Debug|Any CPU.ActiveCfg = Debug|Any CPU
		{E226FCB3-64CB-4A4C-A7AC-1F0DCE49D44C}.Debug|Any CPU.Build.0 = Debug|Any CPU
		{E226FCB3-64CB-4A4C-A7AC-1F0DCE49D44C}.Release|Any CPU.ActiveCfg = Release|Any CPU
		{E226FCB3-64CB-4A4C-A7AC-1F0DCE49D44C}.Release|Any CPU.Build.0 = Release|Any CPU
		{396FECE9-5AB2-47C2-BA42-17AB9BC9FDF9}.Debug|Any CPU.ActiveCfg = Debug|Any CPU
		{396FECE9-5AB2-47C2-BA42-17AB9BC9FDF9}.Debug|Any CPU.Build.0 = Debug|Any CPU
		{396FECE9-5AB2-47C2-BA42-17AB9BC9FDF9}.Release|Any CPU.ActiveCfg = Release|Any CPU
		{396FECE9-5AB2-47C2-BA42-17AB9BC9FDF9}.Release|Any CPU.Build.0 = Release|Any CPU
	EndGlobalSection
	GlobalSection(SolutionProperties) = preSolution
		HideSolutionNode = FALSE
	EndGlobalSection
	GlobalSection(ExtensibilityGlobals) = postSolution
		SolutionGuid = {A77AA1A1-3A0D-4F3F-8E1D-42516D459683}
	EndGlobalSection
EndGlobal
