
Microsoft Visual Studio Solution File, Format Version 12.00
# Visual Studio Version 16
VisualStudioVersion = 16.0.32228.343
MinimumVisualStudioVersion = 10.0.40219.1
Project("{9A19103F-16F7-4668-BE54-9A1E7A4F7556}") = "WebApplication1", "WebApplication1\WebApplication1.csproj", "{81579E43-10B4-49B9-8304-3D8B6529750D}"
EndProject
Global
	GlobalSection(SolutionConfigurationPlatforms) = preSolution
		Debug|Any CPU = Debug|Any CPU
		Release|Any CPU = Release|Any CPU
	EndGlobalSection
	GlobalSection(ProjectConfigurationPlatforms) = postSolution
		{81579E43-10B4-49B9-8304-3D8B6529750D}.Debug|Any CPU.ActiveCfg = Debug|Any CPU
		{81579E43-10B4-49B9-8304-3D8B6529750D}.Debug|Any CPU.Build.0 = Debug|Any CPU
		{81579E43-10B4-49B9-8304-3D8B6529750D}.Release|Any CPU.ActiveCfg = Release|Any CPU
		{81579E43-10B4-49B9-8304-3D8B6529750D}.Release|Any CPU.Build.0 = Release|Any CPU
	EndGlobalSection
	GlobalSection(SolutionProperties) = preSolution
		HideSolutionNode = FALSE
	EndGlobalSection
	GlobalSection(ExtensibilityGlobals) = postSolution
		SolutionGuid = {B6E00656-9432-4263-BB73-F6F0DBFAF59E}
	EndGlobalSection
EndGlobal
